
Microsoft Visual Studio Solution File, Format Version 12.00
# Visual Studio Version 17
VisualStudioVersion = 17.7.34031.279
MinimumVisualStudioVersion = 10.0.40219.1
Project("{FAE04EC0-301F-11D3-BF4B-00C04F79EFBC}") = "ltweb_", "ltweb_.csproj", "{08EF400E-117A-49B7-AC9D-8A503CF82FE9}"
EndProject
Global
	GlobalSection(SolutionConfigurationPlatforms) = preSolution
		Debug|Any CPU = Debug|Any CPU
		Release|Any CPU = Release|Any CPU
	EndGlobalSection
	GlobalSection(ProjectConfigurationPlatforms) = postSolution
		{08EF400E-117A-49B7-AC9D-8A503CF82FE9}.Debug|Any CPU.ActiveCfg = Debug|Any CPU
		{08EF400E-117A-49B7-AC9D-8A503CF82FE9}.Debug|Any CPU.Build.0 = Debug|Any CPU
		{08EF400E-117A-49B7-AC9D-8A503CF82FE9}.Release|Any CPU.ActiveCfg = Release|Any CPU
		{08EF400E-117A-49B7-AC9D-8A503CF82FE9}.Release|Any CPU.Build.0 = Release|Any CPU
	EndGlobalSection
	GlobalSection(SolutionProperties) = preSolution
		HideSolutionNode = FALSE
	EndGlobalSection
	GlobalSection(ExtensibilityGlobals) = postSolution
		SolutionGuid = {32CD24B4-EA31-47E4-9925-1B8D9944BD33}
	EndGlobalSection
EndGlobal
